// !$*UTF8*$!
{
	archiveVersion = 1;
	classes = {
	};
	objectVersion = 50;
	objects = {

/* Begin PBXBuildFile section */
		6819786B258821F70018ABA9 /* AppDelegate.swift in Sources */ = {isa = PBXBuildFile; fileRef = 6819786A258821F70018ABA9 /* AppDelegate.swift */; };
		6819786D258821F70018ABA9 /* SceneDelegate.swift in Sources */ = {isa = PBXBuildFile; fileRef = 6819786C258821F70018ABA9 /* SceneDelegate.swift */; };
		68197872258821F70018ABA9 /* Main.storyboard in Resources */ = {isa = PBXBuildFile; fileRef = 68197870258821F70018ABA9 /* Main.storyboard */; };
		68197874258821FB0018ABA9 /* Assets.xcassets in Resources */ = {isa = PBXBuildFile; fileRef = 68197873258821FB0018ABA9 /* Assets.xcassets */; };
		68197877258821FB0018ABA9 /* LaunchScreen.storyboard in Resources */ = {isa = PBXBuildFile; fileRef = 68197875258821FB0018ABA9 /* LaunchScreen.storyboard */; };
		68197882258822390018ABA9 /* Colors.xcassets in Resources */ = {isa = PBXBuildFile; fileRef = 68197881258822390018ABA9 /* Colors.xcassets */; };
		6819788B25883A270018ABA9 /* TipLabel.swift in Sources */ = {isa = PBXBuildFile; fileRef = 6819788A25883A260018ABA9 /* TipLabel.swift */; };
		6819788E25883ACD0018ABA9 /* StyleGuide.swift in Sources */ = {isa = PBXBuildFile; fileRef = 6819788D25883ACD0018ABA9 /* StyleGuide.swift */; };
		6819789525883C050018ABA9 /* TipViewController.swift in Sources */ = {isa = PBXBuildFile; fileRef = 6819789425883C050018ABA9 /* TipViewController.swift */; };
		6819789A2588420A0018ABA9 /* TipCalculator.swift in Sources */ = {isa = PBXBuildFile; fileRef = 681978992588420A0018ABA9 /* TipCalculator.swift */; };
/* End PBXBuildFile section */

/* Begin PBXFileReference section */
		68197867258821F70018ABA9 /* TipCalculator.app */ = {isa = PBXFileReference; explicitFileType = wrapper.application; includeInIndex = 0; path = TipCalculator.app; sourceTree = BUILT_PRODUCTS_DIR; };
		6819786A258821F70018ABA9 /* AppDelegate.swift */ = {isa = PBXFileReference; lastKnownFileType = sourcecode.swift; path = AppDelegate.swift; sourceTree = "<group>"; };
		6819786C258821F70018ABA9 /* SceneDelegate.swift */ = {isa = PBXFileReference; lastKnownFileType = sourcecode.swift; path = SceneDelegate.swift; sourceTree = "<group>"; };
		68197871258821F70018ABA9 /* Base */ = {isa = PBXFileReference; lastKnownFileType = file.storyboard; name = Base; path = Base.lproj/Main.storyboard; sourceTree = "<group>"; };
		68197873258821FB0018ABA9 /* Assets.xcassets */ = {isa = PBXFileReference; lastKnownFileType = folder.assetcatalog; path = Assets.xcassets; sourceTree = "<group>"; };
		68197876258821FB0018ABA9 /* Base */ = {isa = PBXFileReference; lastKnownFileType = file.storyboard; name = Base; path = Base.lproj/LaunchScreen.storyboard; sourceTree = "<group>"; };
		68197878258821FB0018ABA9 /* Info.plist */ = {isa = PBXFileReference; lastKnownFileType = text.plist.xml; path = Info.plist; sourceTree = "<group>"; };
		68197881258822390018ABA9 /* Colors.xcassets */ = {isa = PBXFileReference; lastKnownFileType = folder.assetcatalog; path = Colors.xcassets; sourceTree = "<group>"; };
		681978862588380F0018ABA9 /* Lato-Regular.ttf */ = {isa = PBXFileReference; lastKnownFileType = file; path = "Lato-Regular.ttf"; sourceTree = "<group>"; };
		681978872588380F0018ABA9 /* Lato-Light.ttf */ = {isa = PBXFileReference; lastKnownFileType = file; path = "Lato-Light.ttf"; sourceTree = "<group>"; };
		681978882588380F0018ABA9 /* Lato-Bold.ttf */ = {isa = PBXFileReference; lastKnownFileType = file; path = "Lato-Bold.ttf"; sourceTree = "<group>"; };
		6819788A25883A260018ABA9 /* TipLabel.swift */ = {isa = PBXFileReference; lastKnownFileType = sourcecode.swift; path = TipLabel.swift; sourceTree = "<group>"; };
		6819788D25883ACD0018ABA9 /* StyleGuide.swift */ = {isa = PBXFileReference; lastKnownFileType = sourcecode.swift; path = StyleGuide.swift; sourceTree = "<group>"; };
		6819789425883C050018ABA9 /* TipViewController.swift */ = {isa = PBXFileReference; lastKnownFileType = sourcecode.swift; path = TipViewController.swift; sourceTree = "<group>"; };
		681978992588420A0018ABA9 /* TipCalculator.swift */ = {isa = PBXFileReference; lastKnownFileType = sourcecode.swift; path = TipCalculator.swift; sourceTree = "<group>"; };
/* End PBXFileReference section */

/* Begin PBXFrameworksBuildPhase section */
		68197864258821F70018ABA9 /* Frameworks */ = {
			isa = PBXFrameworksBuildPhase;
			buildActionMask = 2147483647;
			files = (
			);
			runOnlyForDeploymentPostprocessing = 0;
		};
/* End PBXFrameworksBuildPhase section */

/* Begin PBXGroup section */
		6819785E258821F70018ABA9 = {
			isa = PBXGroup;
			children = (
				68197869258821F70018ABA9 /* TipCalculator */,
				68197868258821F70018ABA9 /* Products */,
			);
			sourceTree = "<group>";
		};
		68197868258821F70018ABA9 /* Products */ = {
			isa = PBXGroup;
			children = (
				68197867258821F70018ABA9 /* TipCalculator.app */,
			);
			name = Products;
			sourceTree = "<group>";
		};
		68197869258821F70018ABA9 /* TipCalculator */ = {
			isa = PBXGroup;
			children = (
				68197898258841EB0018ABA9 /* Model */,
				6819789325883BE00018ABA9 /* View Controller */,
				6819788925883A080018ABA9 /* CustomUI */,
				6819787F258822160018ABA9 /* Resources */,
				68197870258821F70018ABA9 /* Main.storyboard */,
			);
			path = TipCalculator;
			sourceTree = "<group>";
		};
		6819787F258822160018ABA9 /* Resources */ = {
			isa = PBXGroup;
			children = (
				68197885258837D70018ABA9 /* Fonts */,
				6819786A258821F70018ABA9 /* AppDelegate.swift */,
				6819786C258821F70018ABA9 /* SceneDelegate.swift */,
				68197873258821FB0018ABA9 /* Assets.xcassets */,
				68197875258821FB0018ABA9 /* LaunchScreen.storyboard */,
				68197878258821FB0018ABA9 /* Info.plist */,
				68197881258822390018ABA9 /* Colors.xcassets */,
			);
			path = Resources;
			sourceTree = "<group>";
		};
		68197885258837D70018ABA9 /* Fonts */ = {
			isa = PBXGroup;
			children = (
				681978882588380F0018ABA9 /* Lato-Bold.ttf */,
				681978872588380F0018ABA9 /* Lato-Light.ttf */,
				681978862588380F0018ABA9 /* Lato-Regular.ttf */,
			);
			path = Fonts;
			sourceTree = "<group>";
		};
		6819788925883A080018ABA9 /* CustomUI */ = {
			isa = PBXGroup;
			children = (
				6819788A25883A260018ABA9 /* TipLabel.swift */,
				6819788D25883ACD0018ABA9 /* StyleGuide.swift */,
			);
			path = CustomUI;
			sourceTree = "<group>";
		};
		6819789325883BE00018ABA9 /* View Controller */ = {
			isa = PBXGroup;
			children = (
				6819789425883C050018ABA9 /* TipViewController.swift */,
			);
			path = "View Controller";
			sourceTree = "<group>";
		};
		68197898258841EB0018ABA9 /* Model */ = {
			isa = PBXGroup;
			children = (
				681978992588420A0018ABA9 /* TipCalculator.swift */,
			);
			path = Model;
			sourceTree = "<group>";
		};
/* End PBXGroup section */

/* Begin PBXNativeTarget section */
		68197866258821F70018ABA9 /* TipCalculator */ = {
			isa = PBXNativeTarget;
			buildConfigurationList = 6819787B258821FB0018ABA9 /* Build configuration list for PBXNativeTarget "TipCalculator" */;
			buildPhases = (
				68197863258821F70018ABA9 /* Sources */,
				68197864258821F70018ABA9 /* Frameworks */,
				68197865258821F70018ABA9 /* Resources */,
			);
			buildRules = (
			);
			dependencies = (
			);
			name = TipCalculator;
			productName = TipCalculator;
			productReference = 68197867258821F70018ABA9 /* TipCalculator.app */;
			productType = "com.apple.product-type.application";
		};
/* End PBXNativeTarget section */

/* Begin PBXProject section */
		6819785F258821F70018ABA9 /* Project object */ = {
			isa = PBXProject;
			attributes = {
				LastSwiftUpdateCheck = 1210;
				LastUpgradeCheck = 1210;
				TargetAttributes = {
					68197866258821F70018ABA9 = {
						CreatedOnToolsVersion = 12.1;
					};
				};
			};
			buildConfigurationList = 68197862258821F70018ABA9 /* Build configuration list for PBXProject "TipCalculator" */;
			compatibilityVersion = "Xcode 9.3";
			developmentRegion = en;
			hasScannedForEncodings = 0;
			knownRegions = (
				en,
				Base,
			);
			mainGroup = 6819785E258821F70018ABA9;
			productRefGroup = 68197868258821F70018ABA9 /* Products */;
			projectDirPath = "";
			projectRoot = "";
			targets = (
				68197866258821F70018ABA9 /* TipCalculator */,
			);
		};
/* End PBXProject section */

/* Begin PBXResourcesBuildPhase section */
		68197865258821F70018ABA9 /* Resources */ = {
			isa = PBXResourcesBuildPhase;
			buildActionMask = 2147483647;
			files = (
				68197877258821FB0018ABA9 /* LaunchScreen.storyboard in Resources */,
				68197882258822390018ABA9 /* Colors.xcassets in Resources */,
				68197874258821FB0018ABA9 /* Assets.xcassets in Resources */,
				68197872258821F70018ABA9 /* Main.storyboard in Resources */,
			);
			runOnlyForDeploymentPostprocessing = 0;
		};
/* End PBXResourcesBuildPhase section */

/* Begin PBXSourcesBuildPhase section */
		68197863258821F70018ABA9 /* Sources */ = {
			isa = PBXSourcesBuildPhase;
			buildActionMask = 2147483647;
			files = (
				6819786B258821F70018ABA9 /* AppDelegate.swift in Sources */,
				6819788B25883A270018ABA9 /* TipLabel.swift in Sources */,
				6819788E25883ACD0018ABA9 /* StyleGuide.swift in Sources */,
				6819789A2588420A0018ABA9 /* TipCalculator.swift in Sources */,
				6819789525883C050018ABA9 /* TipViewController.swift in Sources */,
				6819786D258821F70018ABA9 /* SceneDelegate.swift in Sources */,
			);
			runOnlyForDeploymentPostprocessing = 0;
		};
/* End PBXSourcesBuildPhase section */

/* Begin PBXVariantGroup section */
		68197870258821F70018ABA9 /* Main.storyboard */ = {
			isa = PBXVariantGroup;
			children = (
				68197871258821F70018ABA9 /* Base */,
			);
			name = Main.storyboard;
			sourceTree = "<group>";
		};
		68197875258821FB0018ABA9 /* LaunchScreen.storyboard */ = {
			isa = PBXVariantGroup;
			children = (
				68197876258821FB0018ABA9 /* Base */,
			);
			name = LaunchScreen.storyboard;
			sourceTree = "<group>";
		};
/* End PBXVariantGroup section */

/* Begin XCBuildConfiguration section */
		68197879258821FB0018ABA9 /* Debug */ = {
			isa = XCBuildConfiguration;
			buildSettings = {
				ALWAYS_SEARCH_USER_PATHS = NO;
				CLANG_ANALYZER_NONNULL = YES;
				CLANG_ANALYZER_NUMBER_OBJECT_CONVERSION = YES_AGGRESSIVE;
				CLANG_CXX_LANGUAGE_STANDARD = "gnu++14";
				CLANG_CXX_LIBRARY = "libc++";
				CLANG_ENABLE_MODULES = YES;
				CLANG_ENABLE_OBJC_ARC = YES;
				CLANG_ENABLE_OBJC_WEAK = YES;
				CLANG_WARN_BLOCK_CAPTURE_AUTORELEASING = YES;
				CLANG_WARN_BOOL_CONVERSION = YES;
				CLANG_WARN_COMMA = YES;
				CLANG_WARN_CONSTANT_CONVERSION = YES;
				CLANG_WARN_DEPRECATED_OBJC_IMPLEMENTATIONS = YES;
				CLANG_WARN_DIRECT_OBJC_ISA_USAGE = YES_ERROR;
				CLANG_WARN_DOCUMENTATION_COMMENTS = YES;
				CLANG_WARN_EMPTY_BODY = YES;
				CLANG_WARN_ENUM_CONVERSION = YES;
				CLANG_WARN_INFINITE_RECURSION = YES;
				CLANG_WARN_INT_CONVERSION = YES;
				CLANG_WARN_NON_LITERAL_NULL_CONVERSION = YES;
				CLANG_WARN_OBJC_IMPLICIT_RETAIN_SELF = YES;
				CLANG_WARN_OBJC_LITERAL_CONVERSION = YES;
				CLANG_WARN_OBJC_ROOT_CLASS = YES_ERROR;
				CLANG_WARN_QUOTED_INCLUDE_IN_FRAMEWORK_HEADER = YES;
				CLANG_WARN_RANGE_LOOP_ANALYSIS = YES;
				CLANG_WARN_STRICT_PROTOTYPES = YES;
				CLANG_WARN_SUSPICIOUS_MOVE = YES;
				CLANG_WARN_UNGUARDED_AVAILABILITY = YES_AGGRESSIVE;
				CLANG_WARN_UNREACHABLE_CODE = YES;
				CLANG_WARN__DUPLICATE_METHOD_MATCH = YES;
				COPY_PHASE_STRIP = NO;
				DEBUG_INFORMATION_FORMAT = dwarf;
				ENABLE_STRICT_OBJC_MSGSEND = YES;
				ENABLE_TESTABILITY = YES;
				GCC_C_LANGUAGE_STANDARD = gnu11;
				GCC_DYNAMIC_NO_PIC = NO;
				GCC_NO_COMMON_BLOCKS = YES;
				GCC_OPTIMIZATION_LEVEL = 0;
				GCC_PREPROCESSOR_DEFINITIONS = (
					"DEBUG=1",
					"$(inherited)",
				);
				GCC_WARN_64_TO_32_BIT_CONVERSION = YES;
				GCC_WARN_ABOUT_RETURN_TYPE = YES_ERROR;
				GCC_WARN_UNDECLARED_SELECTOR = YES;
				GCC_WARN_UNINITIALIZED_AUTOS = YES_AGGRESSIVE;
				GCC_WARN_UNUSED_FUNCTION = YES;
				GCC_WARN_UNUSED_VARIABLE = YES;
				IPHONEOS_DEPLOYMENT_TARGET = 14.1;
				MTL_ENABLE_DEBUG_INFO = INCLUDE_SOURCE;
				MTL_FAST_MATH = YES;
				ONLY_ACTIVE_ARCH = YES;
				SDKROOT = iphoneos;
				SWIFT_ACTIVE_COMPILATION_CONDITIONS = DEBUG;
				SWIFT_OPTIMIZATION_LEVEL = "-Onone";
			};
			name = Debug;
		};
		6819787A258821FB0018ABA9 /* Release */ = {
			isa = XCBuildConfiguration;
			buildSettings = {
				ALWAYS_SEARCH_USER_PATHS = NO;
				CLANG_ANALYZER_NONNULL = YES;
				CLANG_ANALYZER_NUMBER_OBJECT_CONVERSION = YES_AGGRESSIVE;
				CLANG_CXX_LANGUAGE_STANDARD = "gnu++14";
				CLANG_CXX_LIBRARY = "libc++";
				CLANG_ENABLE_MODULES = YES;
				CLANG_ENABLE_OBJC_ARC = YES;
				CLANG_ENABLE_OBJC_WEAK = YES;
				CLANG_WARN_BLOCK_CAPTURE_AUTORELEASING = YES;
				CLANG_WARN_BOOL_CONVERSION = YES;
				CLANG_WARN_COMMA = YES;
				CLANG_WARN_CONSTANT_CONVERSION = YES;
				CLANG_WARN_DEPRECATED_OBJC_IMPLEMENTATIONS = YES;
				CLANG_WARN_DIRECT_OBJC_ISA_USAGE = YES_ERROR;
				CLANG_WARN_DOCUMENTATION_COMMENTS = YES;
				CLANG_WARN_EMPTY_BODY = YES;
				CLANG_WARN_ENUM_CONVERSION = YES;
				CLANG_WARN_INFINITE_RECURSION = YES;
				CLANG_WARN_INT_CONVERSION = YES;
				CLANG_WARN_NON_LITERAL_NULL_CONVERSION = YES;
				CLANG_WARN_OBJC_IMPLICIT_RETAIN_SELF = YES;
				CLANG_WARN_OBJC_LITERAL_CONVERSION = YES;
				CLANG_WARN_OBJC_ROOT_CLASS = YES_ERROR;
				CLANG_WARN_QUOTED_INCLUDE_IN_FRAMEWORK_HEADER = YES;
				CLANG_WARN_RANGE_LOOP_ANALYSIS = YES;
				CLANG_WARN_STRICT_PROTOTYPES = YES;
				CLANG_WARN_SUSPICIOUS_MOVE = YES;
				CLANG_WARN_UNGUARDED_AVAILABILITY = YES_AGGRESSIVE;
				CLANG_WARN_UNREACHABLE_CODE = YES;
				CLANG_WARN__DUPLICATE_METHOD_MATCH = YES;
				COPY_PHASE_STRIP = NO;
				DEBUG_INFORMATION_FORMAT = "dwarf-with-dsym";
				ENABLE_NS_ASSERTIONS = NO;
				ENABLE_STRICT_OBJC_MSGSEND = YES;
				GCC_C_LANGUAGE_STANDARD = gnu11;
				GCC_NO_COMMON_BLOCKS = YES;
				GCC_WARN_64_TO_32_BIT_CONVERSION = YES;
				GCC_WARN_ABOUT_RETURN_TYPE = YES_ERROR;
				GCC_WARN_UNDECLARED_SELECTOR = YES;
				GCC_WARN_UNINITIALIZED_AUTOS = YES_AGGRESSIVE;
				GCC_WARN_UNUSED_FUNCTION = YES;
				GCC_WARN_UNUSED_VARIABLE = YES;
				IPHONEOS_DEPLOYMENT_TARGET = 14.1;
				MTL_ENABLE_DEBUG_INFO = NO;
				MTL_FAST_MATH = YES;
				SDKROOT = iphoneos;
				SWIFT_COMPILATION_MODE = wholemodule;
				SWIFT_OPTIMIZATION_LEVEL = "-O";
				VALIDATE_PRODUCT = YES;
			};
			name = Release;
		};
		6819787C258821FB0018ABA9 /* Debug */ = {
			isa = XCBuildConfiguration;
			buildSettings = {
				ASSETCATALOG_COMPILER_APPICON_NAME = AppIcon;
				ASSETCATALOG_COMPILER_GLOBAL_ACCENT_COLOR_NAME = AccentColor;
				CODE_SIGN_STYLE = Automatic;
				DEVELOPMENT_TEAM = MB9J78CVZ9;
				INFOPLIST_FILE = TipCalculator/Resources/Info.plist;
				LD_RUNPATH_SEARCH_PATHS = (
					"$(inherited)",
					"@executable_path/Frameworks",
				);
				PRODUCT_BUNDLE_IDENTIFIER = heli.bavishi.TipCalculator;
				PRODUCT_NAME = "$(TARGET_NAME)";
				SWIFT_VERSION = 5.0;
				TARGETED_DEVICE_FAMILY = "1,2";
			};
			name = Debug;
		};
		6819787D258821FB0018ABA9 /* Release */ = {
			isa = XCBuildConfiguration;
			buildSettings = {
				ASSETCATALOG_COMPILER_APPICON_NAME = AppIcon;
				ASSETCATALOG_COMPILER_GLOBAL_ACCENT_COLOR_NAME = AccentColor;
				CODE_SIGN_STYLE = Automatic;
				DEVELOPMENT_TEAM = MB9J78CVZ9;
				INFOPLIST_FILE = TipCalculator/Resources/Info.plist;
				LD_RUNPATH_SEARCH_PATHS = (
					"$(inherited)",
					"@executable_path/Frameworks",
				);
				PRODUCT_BUNDLE_IDENTIFIER = heli.bavishi.TipCalculator;
				PRODUCT_NAME = "$(TARGET_NAME)";
				SWIFT_VERSION = 5.0;
				TARGETED_DEVICE_FAMILY = "1,2";
			};
			name = Release;
		};
/* End XCBuildConfiguration section */

/* Begin XCConfigurationList section */
		68197862258821F70018ABA9 /* Build configuration list for PBXProject "TipCalculator" */ = {
			isa = XCConfigurationList;
			buildConfigurations = (
				68197879258821FB0018ABA9 /* Debug */,
				6819787A258821FB0018ABA9 /* Release */,
			);
			defaultConfigurationIsVisible = 0;
			defaultConfigurationName = Release;
		};
		6819787B258821FB0018ABA9 /* Build configuration list for PBXNativeTarget "TipCalculator" */ = {
			isa = XCConfigurationList;
			buildConfigurations = (
				6819787C258821FB0018ABA9 /* Debug */,
				6819787D258821FB0018ABA9 /* Release */,
			);
			defaultConfigurationIsVisible = 0;
			defaultConfigurationName = Release;
		};
/* End XCConfigurationList section */
	};
	rootObject = 6819785F258821F70018ABA9 /* Project object */;
}
